
Microsoft Visual Studio Solution File, Format Version 12.00
# Visual Studio 15
VisualStudioVersion = 15.0.26403.3
MinimumVisualStudioVersion = 10.0.40219.1
Project("{FAE04EC0-301F-11D3-BF4B-00C04F79EFBC}") = "TradingApp", "TradingApp.csproj", "{B85CFAF9-7361-4080-B678-DC5DE889BF63}"
EndProject
Project("{FAE04EC0-301F-11D3-BF4B-00C04F79EFBC}") = "TradingApp.Tests", "TradingApp.Tests\TradingApp.Tests.csproj", "{E5A8CD53-4D08-468F-A7A6-848F2E397747}"
EndProject
Global
	GlobalSection(SolutionConfigurationPlatforms) = preSolution
		Debug|Any CPU = Debug|Any CPU
		Release|Any CPU = Release|Any CPU
	EndGlobalSection
	GlobalSection(ProjectConfigurationPlatforms) = postSolution
		{B85CFAF9-7361-4080-B678-DC5DE889BF63}.Debug|Any CPU.ActiveCfg = Debug|Any CPU
		{B85CFAF9-7361-4080-B678-DC5DE889BF63}.Debug|Any CPU.Build.0 = Debug|Any CPU
		{B85CFAF9-7361-4080-B678-DC5DE889BF63}.Release|Any CPU.ActiveCfg = Release|Any CPU
		{B85CFAF9-7361-4080-B678-DC5DE889BF63}.Release|Any CPU.Build.0 = Release|Any CPU
		{E5A8CD53-4D08-468F-A7A6-848F2E397747}.Debug|Any CPU.ActiveCfg = Debug|Any CPU
		{E5A8CD53-4D08-468F-A7A6-848F2E397747}.Debug|Any CPU.Build.0 = Debug|Any CPU
		{E5A8CD53-4D08-468F-A7A6-848F2E397747}.Release|Any CPU.ActiveCfg = Release|Any CPU
		{E5A8CD53-4D08-468F-A7A6-848F2E397747}.Release|Any CPU.Build.0 = Release|Any CPU
	EndGlobalSection
	GlobalSection(SolutionProperties) = preSolution
		HideSolutionNode = FALSE
	EndGlobalSection
EndGlobal
